name: Refresh npm lockfile

on:
  push:
    branches: [main]

permissions:
  contents: write

jobs:
  refresh:
    if: contains(github.event.head_commit.message, '[refresh-lock]')
    runs-on: ubuntu-latest
    timeout-minutes: 10
    steps:
      - uses: actions/checkout@v4
        with:
          fetch-depth: 0
      - uses: actions/setup-node@v4
        with:
          node-version: 22
          cache: npm
      - name: Regenerate lockfile
        run: npm install --package-lock-only --ignore-scripts --no-audit --no-fund
      - name: Commit lockfile
        run: |
          git config user.name "github-actions[bot]"
          git config user.email "41898282+github-actions[bot]@users.noreply.github.com"
          git add package-lock.json
          if git diff --cached --quiet; then
            echo "Lockfile already current"
            exit 0
          fi
          git commit -m "Refresh npm lockfile [skip netlify]"
          git push
